
Microsoft Visual Studio Solution File, Format Version 12.00
# Visual Studio Version 17
VisualStudioVersion = 17.7.34202.233
MinimumVisualStudioVersion = 10.0.40219.1
Project("{9A19103F-16F7-4668-BE54-9A1E7A4F7556}") = "A_DAL", "A_DAL\A_DAL.csproj", "{90C9D7E2-7850-4470-B03A-C0787684CD48}"
EndProject
Project("{9A19103F-16F7-4668-BE54-9A1E7A4F7556}") = "C_PRL", "C_PRL\C_PRL.csproj", "{D524F6B7-67D3-4B90-9872-033D99067FAD}"
	ProjectSection(ProjectDependencies) = postProject
		{90C9D7E2-7850-4470-B03A-C0787684CD48} = {90C9D7E2-7850-4470-B03A-C0787684CD48}
		{CC6413C4-AF41-4025-8F81-D91D2137952F} = {CC6413C4-AF41-4025-8F81-D91D2137952F}
	EndProjectSection
EndProject
Project("{9A19103F-16F7-4668-BE54-9A1E7A4F7556}") = "B_BUS", "B_BUS\B_BUS.csproj", "{CC6413C4-AF41-4025-8F81-D91D2137952F}"
EndProject
Global
	GlobalSection(SolutionConfigurationPlatforms) = preSolution
		Debug|Any CPU = Debug|Any CPU
		Release|Any CPU = Release|Any CPU
	EndGlobalSection
	GlobalSection(ProjectConfigurationPlatforms) = postSolution
		{90C9D7E2-7850-4470-B03A-C0787684CD48}.Debug|Any CPU.ActiveCfg = Debug|Any CPU
		{90C9D7E2-7850-4470-B03A-C0787684CD48}.Debug|Any CPU.Build.0 = Debug|Any CPU
		{90C9D7E2-7850-4470-B03A-C0787684CD48}.Release|Any CPU.ActiveCfg = Release|Any CPU
		{90C9D7E2-7850-4470-B03A-C0787684CD48}.Release|Any CPU.Build.0 = Release|Any CPU
		{D524F6B7-67D3-4B90-9872-033D99067FAD}.Debug|Any CPU.ActiveCfg = Debug|Any CPU
		{D524F6B7-67D3-4B90-9872-033D99067FAD}.Debug|Any CPU.Build.0 = Debug|Any CPU
		{D524F6B7-67D3-4B90-9872-033D99067FAD}.Release|Any CPU.ActiveCfg = Release|Any CPU
		{D524F6B7-67D3-4B90-9872-033D99067FAD}.Release|Any CPU.Build.0 = Release|Any CPU
		{CC6413C4-AF41-4025-8F81-D91D2137952F}.Debug|Any CPU.ActiveCfg = Debug|Any CPU
		{CC6413C4-AF41-4025-8F81-D91D2137952F}.Debug|Any CPU.Build.0 = Debug|Any CPU
		{CC6413C4-AF41-4025-8F81-D91D2137952F}.Release|Any CPU.ActiveCfg = Release|Any CPU
		{CC6413C4-AF41-4025-8F81-D91D2137952F}.Release|Any CPU.Build.0 = Release|Any CPU
	EndGlobalSection
	GlobalSection(SolutionProperties) = preSolution
		HideSolutionNode = FALSE
	EndGlobalSection
	GlobalSection(ExtensibilityGlobals) = postSolution
		SolutionGuid = {BEE5F904-CAB8-40E6-954D-9725D6B02604}
	EndGlobalSection
EndGlobal
